
Microsoft Visual Studio Solution File, Format Version 12.00
# Visual Studio Version 18
VisualStudioVersion = 18.1.11312.151
MinimumVisualStudioVersion = 10.0.40219.1
Project("{9A19103F-16F7-4668-BE54-9A1E7A4F7556}") = "TessanTIS.Common.Core.Abstraction", "TessanTIS.Common.Core.Abstraction\TessanTIS.Common.Core.Abstraction.csproj", "{B9CBCD9F-8880-4931-B73B-1C649DA2B069}"
EndProject
Project("{9A19103F-16F7-4668-BE54-9A1E7A4F7556}") = "TessanTIS.Common.Core.Impl.WebDriver", "TessanTIS.Common.Core.Impl.WebDriver\TessanTIS.Common.Core.Impl.WebDriver.csproj", "{77EC6F81-4506-43DC-AC51-A68E3577936C}"
EndProject
Project("{9A19103F-16F7-4668-BE54-9A1E7A4F7556}") = "TessanTIS.Common.Core.Impl.Data", "TessanTIS.Common.Core.Impl.Data\TessanTIS.Common.Core.Impl.Data.csproj", "{74AA6FB1-929D-4C5F-B009-95952C7F2F0A}"
EndProject
Project("{9A19103F-16F7-4668-BE54-9A1E7A4F7556}") = "TessanTIS.Common.Core.Impl.Reporting", "TessanTIS.Common.Core.Impl.Reporting\TessanTIS.Common.Core.Impl.Reporting.csproj", "{308A1EBC-F5C9-464B-8F81-1CAE17B292FA}"
EndProject
Project("{9A19103F-16F7-4668-BE54-9A1E7A4F7556}") = "TessanTIS.Common.Core.Impl.Utilities", "TessanTIS.Common.Core.Impl.Utilities\TessanTIS.Common.Core.Impl.Utilities.csproj", "{14A4DEE5-A02B-4124-B515-664D5531891E}"
EndProject
Project("{9A19103F-16F7-4668-BE54-9A1E7A4F7556}") = "TessanTIS.Common.Core.Impl.Configuration", "TessanTIS.Common.Core.Impl.Configuration\TessanTIS.Common.Core.Impl.Configuration.csproj", "{762DC39E-9A71-44FD-992B-BC243F63CB59}"
EndProject
Project("{9A19103F-16F7-4668-BE54-9A1E7A4F7556}") = "TessanTIS.Common.Core.Pages.Impl.Base", "TessanTIS.Common.Core.Pages.Impl.Base\TessanTIS.Common.Core.Pages.Impl.Base.csproj", "{F4C74CE2-A6D5-47CC-839B-360405875BF9}"
EndProject
Project("{9A19103F-16F7-4668-BE54-9A1E7A4F7556}") = "TessanTIS.Common.Core.Test.Impl.Base", "TessanTIS.Common.Core.Test.Impl.Base\TessanTIS.Common.Core.Test.Impl.Base.csproj", "{F5FE8ABA-EAFC-4E25-8DF0-8C94C8EF7D9B}"
EndProject
Project("{2150E333-8FDC-42A3-9474-1A3956D46DE8}") = "Solution Items", "Solution Items", "{28713B62-D050-4449-83D7-F697A5D438F3}"
	ProjectSection(SolutionItems) = preProject
		test.runsettings = test.runsettings
	EndProjectSection
EndProject
Project("{9A19103F-16F7-4668-BE54-9A1E7A4F7556}") = "TessanTIS.AP.Data.Abstraction", "TessanTIS.AP.Data.Abstraction\TessanTIS.AP.Data.Abstraction.csproj", "{525D691F-403E-4DDD-AACB-055E9C2BE420}"
EndProject
Project("{9A19103F-16F7-4668-BE54-9A1E7A4F7556}") = "TessanTIS.AP.Data.Impl", "TessanTIS.AP.Data.Impl\TessanTIS.AP.Data.Impl.csproj", "{5A878733-92C1-4C33-AAC6-A79B03D32BAC}"
EndProject
Project("{9A19103F-16F7-4668-BE54-9A1E7A4F7556}") = "TessanTIS.AP.Pages.Abstraction", "TessanTIS.AP.Pages.Abstraction\TessanTIS.AP.Pages.Abstraction.csproj", "{260975DF-C333-45EE-B7ED-B958EAE2502C}"
EndProject
Project("{9A19103F-16F7-4668-BE54-9A1E7A4F7556}") = "TessanTIS.AP.Pages.Impl", "TessanTIS.AP.Pages.Impl\TessanTIS.AP.Pages.Impl.csproj", "{C39AF5AA-F464-42F8-835C-79D7DA06C898}"
EndProject
Project("{9A19103F-16F7-4668-BE54-9A1E7A4F7556}") = "TessanTIS.AP.Test.Impl.Base", "TessanTIS.AP.Test.Impl.Base\TessanTIS.AP.Test.Impl.Base.csproj", "{F1955BBA-9B5F-4FBB-8C8A-7C849CB1E202}"
EndProject
Project("{9A19103F-16F7-4668-BE54-9A1E7A4F7556}") = "TessanTIS.AP.Workflow.Abstraction", "TessanTIS.AP.Workflow.Abstraction\TessanTIS.AP.Workflow.Abstraction.csproj", "{2DC9F897-E0E1-48A6-8341-B30CC05420C3}"
EndProject
Project("{9A19103F-16F7-4668-BE54-9A1E7A4F7556}") = "TessanTIS.AP.Workflow.Impl", "TessanTIS.AP.Workflow.Impl\TessanTIS.AP.Workflow.Impl.csproj", "{7FD4E8E1-72AE-4990-86A7-BCC075D25362}"
EndProject
Project("{9A19103F-16F7-4668-BE54-9A1E7A4F7556}") = "APProject", "APProject\APProject.csproj", "{3D54C175-1A43-4BFD-8767-CE9CCEACE0B8}"
EndProject
Project("{9A19103F-16F7-4668-BE54-9A1E7A4F7556}") = "TessanTIS.AP.Workflow.Impl.Base", "TessanTIS.AP.Workflow.Impl.Base\TessanTIS.AP.Workflow.Impl.Base.csproj", "{0D667246-F0A1-4ED3-A4D7-5E3DBF69A6E3}"
EndProject
Project("{FAE04EC0-301F-11D3-BF4B-00C04F79EFBC}") = "OrangeHRM", "OrangeHRM\OrangeHRM.csproj", "{F6D8FB42-91DD-40EA-BE23-580D6D9E4C46}"
EndProject
Project("{FAE04EC0-301F-11D3-BF4B-00C04F79EFBC}") = "TessanTIS.OrangeHRM.Data.Abstraction", "TessanTIS.OrangeHRM.Data.Abstraction\TessanTIS.OrangeHRM.Data.Abstraction.csproj", "{9ECF91D5-3CAD-4CAF-B159-FE6EA1854DCF}"
EndProject
Project("{FAE04EC0-301F-11D3-BF4B-00C04F79EFBC}") = "TessanTIS.OrangeHRM.Data.Impl", "TessanTIS.OrangeHRM.Data.Impl\TessanTIS.OrangeHRM.Data.Impl.csproj", "{A920CD70-5DFE-4FBB-BE79-8D1FB5F1F7B7}"
EndProject
Project("{FAE04EC0-301F-11D3-BF4B-00C04F79EFBC}") = "TessanTIS.OrangeHRM.Pages.Abstraction", "TessanTIS.OrangeHRM.Pages.Abstraction\TessanTIS.OrangeHRM.Pages.Abstraction.csproj", "{FE6F0564-2A62-463B-BFF4-D7AECAB10BF6}"
EndProject
Project("{FAE04EC0-301F-11D3-BF4B-00C04F79EFBC}") = "TessanTIS.OrangeHRM.Pages.Impl", "TessanTIS.OrangeHRM.Pages.Impl\TessanTIS.OrangeHRM.Pages.Impl.csproj", "{E217A1D7-C36C-45CB-8C4C-BA76A5FE51FE}"
EndProject
Project("{FAE04EC0-301F-11D3-BF4B-00C04F79EFBC}") = "TessanTIS.OrangeHRM.Workflow.Abstraction", "TessanTIS.OrangeHRM.Workflow.Abstraction\TessanTIS.OrangeHRM.Workflow.Abstraction.csproj", "{DF9ADED6-2A09-41FB-9273-31C6563D30B7}"
EndProject
Project("{FAE04EC0-301F-11D3-BF4B-00C04F79EFBC}") = "TessanTIS.OrangeHRM.Workflow.Impl", "TessanTIS.OrangeHRM.Workflow.Impl\TessanTIS.OrangeHRM.Workflow.Impl.csproj", "{9925AC91-BEC4-49AB-9BC3-88BEF52A0A06}"
EndProject
Project("{FAE04EC0-301F-11D3-BF4B-00C04F79EFBC}") = "TessanTIS.OrangeHRM.Workflow.Impl.Base", "TessanTIS.OrangeHRM.Workflow.Impl.Base\TessanTIS.OrangeHRM.Workflow.Impl.Base.csproj", "{8751F093-0111-4C1F-9802-611A7D16F472}"
EndProject
Project("{FAE04EC0-301F-11D3-BF4B-00C04F79EFBC}") = "TessanTIS.OrangeHRM.Test.Impl.Base", "TessanTIS.OrangeHRM.Test.Impl.Base\TessanTIS.OrangeHRM.Test.Impl.Base.csproj", "{70C55143-1413-4AE8-9A99-6C51C1E5FD6C}"
EndProject
Global
	GlobalSection(SolutionConfigurationPlatforms) = preSolution
		Debug|Any CPU = Debug|Any CPU
		Debug|x64 = Debug|x64
		Debug|x86 = Debug|x86
		Release|Any CPU = Release|Any CPU
		Release|x64 = Release|x64
		Release|x86 = Release|x86
	EndGlobalSection
	GlobalSection(ProjectConfigurationPlatforms) = postSolution
		{B9CBCD9F-8880-4931-B73B-1C649DA2B069}.Debug|Any CPU.ActiveCfg = Debug|Any CPU
		{B9CBCD9F-8880-4931-B73B-1C649DA2B069}.Debug|Any CPU.Build.0 = Debug|Any CPU
		{B9CBCD9F-8880-4931-B73B-1C649DA2B069}.Debug|x64.ActiveCfg = Debug|Any CPU
		{B9CBCD9F-8880-4931-B73B-1C649DA2B069}.Debug|x64.Build.0 = Debug|Any CPU
		{B9CBCD9F-8880-4931-B73B-1C649DA2B069}.Debug|x86.ActiveCfg = Debug|Any CPU
		{B9CBCD9F-8880-4931-B73B-1C649DA2B069}.Debug|x86.Build.0 = Debug|Any CPU
		{B9CBCD9F-8880-4931-B73B-1C649DA2B069}.Release|Any CPU.ActiveCfg = Release|Any CPU
		{B9CBCD9F-8880-4931-B73B-1C649DA2B069}.Release|Any CPU.Build.0 = Release|Any CPU
		{B9CBCD9F-8880-4931-B73B-1C649DA2B069}.Release|x64.ActiveCfg = Release|Any CPU
		{B9CBCD9F-8880-4931-B73B-1C649DA2B069}.Release|x64.Build.0 = Release|Any CPU
		{B9CBCD9F-8880-4931-B73B-1C649DA2B069}.Release|x86.ActiveCfg = Release|Any CPU
		{B9CBCD9F-8880-4931-B73B-1C649DA2B069}.Release|x86.Build.0 = Release|Any CPU
		{77EC6F81-4506-43DC-AC51-A68E3577936C}.Debug|Any CPU.ActiveCfg = Debug|Any CPU
		{77EC6F81-4506-43DC-AC51-A68E3577936C}.Debug|Any CPU.Build.0 = Debug|Any CPU
		{77EC6F81-4506-43DC-AC51-A68E3577936C}.Debug|x64.ActiveCfg = Debug|Any CPU
		{77EC6F81-4506-43DC-AC51-A68E3577936C}.Debug|x64.Build.0 = Debug|Any CPU
		{77EC6F81-4506-43DC-AC51-A68E3577936C}.Debug|x86.ActiveCfg = Debug|Any CPU
		{77EC6F81-4506-43DC-AC51-A68E3577936C}.Debug|x86.Build.0 = Debug|Any CPU
		{77EC6F81-4506-43DC-AC51-A68E3577936C}.Release|Any CPU.ActiveCfg = Release|Any CPU
		{77EC6F81-4506-43DC-AC51-A68E3577936C}.Release|Any CPU.Build.0 = Release|Any CPU
		{77EC6F81-4506-43DC-AC51-A68E3577936C}.Release|x64.ActiveCfg = Release|Any CPU
		{77EC6F81-4506-43DC-AC51-A68E3577936C}.Release|x64.Build.0 = Release|Any CPU
		{77EC6F81-4506-43DC-AC51-A68E3577936C}.Release|x86.ActiveCfg = Release|Any CPU
		{77EC6F81-4506-43DC-AC51-A68E3577936C}.Release|x86.Build.0 = Release|Any CPU
		{74AA6FB1-929D-4C5F-B009-95952C7F2F0A}.Debug|Any CPU.ActiveCfg = Debug|Any CPU
		{74AA6FB1-929D-4C5F-B009-95952C7F2F0A}.Debug|Any CPU.Build.0 = Debug|Any CPU
		{74AA6FB1-929D-4C5F-B009-95952C7F2F0A}.Debug|x64.ActiveCfg = Debug|Any CPU
		{74AA6FB1-929D-4C5F-B009-95952C7F2F0A}.Debug|x64.Build.0 = Debug|Any CPU
		{74AA6FB1-929D-4C5F-B009-95952C7F2F0A}.Debug|x86.ActiveCfg = Debug|Any CPU
		{74AA6FB1-929D-4C5F-B009-95952C7F2F0A}.Debug|x86.Build.0 = Debug|Any CPU
		{74AA6FB1-929D-4C5F-B009-95952C7F2F0A}.Release|Any CPU.ActiveCfg = Release|Any CPU
		{74AA6FB1-929D-4C5F-B009-95952C7F2F0A}.Release|Any CPU.Build.0 = Release|Any CPU
		{74AA6FB1-929D-4C5F-B009-95952C7F2F0A}.Release|x64.ActiveCfg = Release|Any CPU
		{74AA6FB1-929D-4C5F-B009-95952C7F2F0A}.Release|x64.Build.0 = Release|Any CPU
		{74AA6FB1-929D-4C5F-B009-95952C7F2F0A}.Release|x86.ActiveCfg = Release|Any CPU
		{74AA6FB1-929D-4C5F-B009-95952C7F2F0A}.Release|x86.Build.0 = Release|Any CPU
		{308A1EBC-F5C9-464B-8F81-1CAE17B292FA}.Debug|Any CPU.ActiveCfg = Debug|Any CPU
		{308A1EBC-F5C9-464B-8F81-1CAE17B292FA}.Debug|Any CPU.Build.0 = Debug|Any CPU
		{308A1EBC-F5C9-464B-8F81-1CAE17B292FA}.Debug|x64.ActiveCfg = Debug|Any CPU
		{308A1EBC-F5C9-464B-8F81-1CAE17B292FA}.Debug|x64.Build.0 = Debug|Any CPU
		{308A1EBC-F5C9-464B-8F81-1CAE17B292FA}.Debug|x86.ActiveCfg = Debug|Any CPU
		{308A1EBC-F5C9-464B-8F81-1CAE17B292FA}.Debug|x86.Build.0 = Debug|Any CPU
		{308A1EBC-F5C9-464B-8F81-1CAE17B292FA}.Release|Any CPU.ActiveCfg = Release|Any CPU
		{308A1EBC-F5C9-464B-8F81-1CAE17B292FA}.Release|Any CPU.Build.0 = Release|Any CPU
		{308A1EBC-F5C9-464B-8F81-1CAE17B292FA}.Release|x64.ActiveCfg = Release|Any CPU
		{308A1EBC-F5C9-464B-8F81-1CAE17B292FA}.Release|x64.Build.0 = Release|Any CPU
		{308A1EBC-F5C9-464B-8F81-1CAE17B292FA}.Release|x86.ActiveCfg = Release|Any CPU
		{308A1EBC-F5C9-464B-8F81-1CAE17B292FA}.Release|x86.Build.0 = Release|Any CPU
		{14A4DEE5-A02B-4124-B515-664D5531891E}.Debug|Any CPU.ActiveCfg = Debug|Any CPU
		{14A4DEE5-A02B-4124-B515-664D5531891E}.Debug|Any CPU.Build.0 = Debug|Any CPU
		{14A4DEE5-A02B-4124-B515-664D5531891E}.Debug|x64.ActiveCfg = Debug|Any CPU
		{14A4DEE5-A02B-4124-B515-664D5531891E}.Debug|x64.Build.0 = Debug|Any CPU
		{14A4DEE5-A02B-4124-B515-664D5531891E}.Debug|x86.ActiveCfg = Debug|Any CPU
		{14A4DEE5-A02B-4124-B515-664D5531891E}.Debug|x86.Build.0 = Debug|Any CPU
		{14A4DEE5-A02B-4124-B515-664D5531891E}.Release|Any CPU.ActiveCfg = Release|Any CPU
		{14A4DEE5-A02B-4124-B515-664D5531891E}.Release|Any CPU.Build.0 = Release|Any CPU
		{14A4DEE5-A02B-4124-B515-664D5531891E}.Release|x64.ActiveCfg = Release|Any CPU
		{14A4DEE5-A02B-4124-B515-664D5531891E}.Release|x64.Build.0 = Release|Any CPU
		{14A4DEE5-A02B-4124-B515-664D5531891E}.Release|x86.ActiveCfg = Release|Any CPU
		{14A4DEE5-A02B-4124-B515-664D5531891E}.Release|x86.Build.0 = Release|Any CPU
		{762DC39E-9A71-44FD-992B-BC243F63CB59}.Debug|Any CPU.ActiveCfg = Debug|Any CPU
		{762DC39E-9A71-44FD-992B-BC243F63CB59}.Debug|Any CPU.Build.0 = Debug|Any CPU
		{762DC39E-9A71-44FD-992B-BC243F63CB59}.Debug|x64.ActiveCfg = Debug|Any CPU
		{762DC39E-9A71-44FD-992B-BC243F63CB59}.Debug|x64.Build.0 = Debug|Any CPU
		{762DC39E-9A71-44FD-992B-BC243F63CB59}.Debug|x86.ActiveCfg = Debug|Any CPU
		{762DC39E-9A71-44FD-992B-BC243F63CB59}.Debug|x86.Build.0 = Debug|Any CPU
		{762DC39E-9A71-44FD-992B-BC243F63CB59}.Release|Any CPU.ActiveCfg = Release|Any CPU
		{762DC39E-9A71-44FD-992B-BC243F63CB59}.Release|Any CPU.Build.0 = Release|Any CPU
		{762DC39E-9A71-44FD-992B-BC243F63CB59}.Release|x64.ActiveCfg = Release|Any CPU
		{762DC39E-9A71-44FD-992B-BC243F63CB59}.Release|x64.Build.0 = Release|Any CPU
		{762DC39E-9A71-44FD-992B-BC243F63CB59}.Release|x86.ActiveCfg = Release|Any CPU
		{762DC39E-9A71-44FD-992B-BC243F63CB59}.Release|x86.Build.0 = Release|Any CPU
		{F4C74CE2-A6D5-47CC-839B-360405875BF9}.Debug|Any CPU.ActiveCfg = Debug|Any CPU
		{F4C74CE2-A6D5-47CC-839B-360405875BF9}.Debug|Any CPU.Build.0 = Debug|Any CPU
		{F4C74CE2-A6D5-47CC-839B-360405875BF9}.Debug|x64.ActiveCfg = Debug|Any CPU
		{F4C74CE2-A6D5-47CC-839B-360405875BF9}.Debug|x64.Build.0 = Debug|Any CPU
		{F4C74CE2-A6D5-47CC-839B-360405875BF9}.Debug|x86.ActiveCfg = Debug|Any CPU
		{F4C74CE2-A6D5-47CC-839B-360405875BF9}.Debug|x86.Build.0 = Debug|Any CPU
		{F4C74CE2-A6D5-47CC-839B-360405875BF9}.Release|Any CPU.ActiveCfg = Release|Any CPU
		{F4C74CE2-A6D5-47CC-839B-360405875BF9}.Release|Any CPU.Build.0 = Release|Any CPU
		{F4C74CE2-A6D5-47CC-839B-360405875BF9}.Release|x64.ActiveCfg = Release|Any CPU
		{F4C74CE2-A6D5-47CC-839B-360405875BF9}.Release|x64.Build.0 = Release|Any CPU
		{F4C74CE2-A6D5-47CC-839B-360405875BF9}.Release|x86.ActiveCfg = Release|Any CPU
		{F4C74CE2-A6D5-47CC-839B-360405875BF9}.Release|x86.Build.0 = Release|Any CPU
		{F5FE8ABA-EAFC-4E25-8DF0-8C94C8EF7D9B}.Debug|Any CPU.ActiveCfg = Debug|Any CPU
		{F5FE8ABA-EAFC-4E25-8DF0-8C94C8EF7D9B}.Debug|Any CPU.Build.0 = Debug|Any CPU
		{F5FE8ABA-EAFC-4E25-8DF0-8C94C8EF7D9B}.Debug|x64.ActiveCfg = Debug|Any CPU
		{F5FE8ABA-EAFC-4E25-8DF0-8C94C8EF7D9B}.Debug|x64.Build.0 = Debug|Any CPU
		{F5FE8ABA-EAFC-4E25-8DF0-8C94C8EF7D9B}.Debug|x86.ActiveCfg = Debug|Any CPU
		{F5FE8ABA-EAFC-4E25-8DF0-8C94C8EF7D9B}.Debug|x86.Build.0 = Debug|Any CPU
		{F5FE8ABA-EAFC-4E25-8DF0-8C94C8EF7D9B}.Release|Any CPU.ActiveCfg = Release|Any CPU
		{F5FE8ABA-EAFC-4E25-8DF0-8C94C8EF7D9B}.Release|Any CPU.Build.0 = Release|Any CPU
		{F5FE8ABA-EAFC-4E25-8DF0-8C94C8EF7D9B}.Release|x64.ActiveCfg = Release|Any CPU
		{F5FE8ABA-EAFC-4E25-8DF0-8C94C8EF7D9B}.Release|x64.Build.0 = Release|Any CPU
		{F5FE8ABA-EAFC-4E25-8DF0-8C94C8EF7D9B}.Release|x86.ActiveCfg = Release|Any CPU
		{F5FE8ABA-EAFC-4E25-8DF0-8C94C8EF7D9B}.Release|x86.Build.0 = Release|Any CPU
		{525D691F-403E-4DDD-AACB-055E9C2BE420}.Debug|Any CPU.ActiveCfg = Debug|Any CPU
		{525D691F-403E-4DDD-AACB-055E9C2BE420}.Debug|Any CPU.Build.0 = Debug|Any CPU
		{525D691F-403E-4DDD-AACB-055E9C2BE420}.Debug|x64.ActiveCfg = Debug|Any CPU
		{525D691F-403E-4DDD-AACB-055E9C2BE420}.Debug|x64.Build.0 = Debug|Any CPU
		{525D691F-403E-4DDD-AACB-055E9C2BE420}.Debug|x86.ActiveCfg = Debug|Any CPU
		{525D691F-403E-4DDD-AACB-055E9C2BE420}.Debug|x86.Build.0 = Debug|Any CPU
		{525D691F-403E-4DDD-AACB-055E9C2BE420}.Release|Any CPU.ActiveCfg = Release|Any CPU
		{525D691F-403E-4DDD-AACB-055E9C2BE420}.Release|Any CPU.Build.0 = Release|Any CPU
		{525D691F-403E-4DDD-AACB-055E9C2BE420}.Release|x64.ActiveCfg = Release|Any CPU
		{525D691F-403E-4DDD-AACB-055E9C2BE420}.Release|x64.Build.0 = Release|Any CPU
		{525D691F-403E-4DDD-AACB-055E9C2BE420}.Release|x86.ActiveCfg = Release|Any CPU
		{525D691F-403E-4DDD-AACB-055E9C2BE420}.Release|x86.Build.0 = Release|Any CPU
		{5A878733-92C1-4C33-AAC6-A79B03D32BAC}.Debug|Any CPU.ActiveCfg = Debug|Any CPU
		{5A878733-92C1-4C33-AAC6-A79B03D32BAC}.Debug|Any CPU.Build.0 = Debug|Any CPU
		{5A878733-92C1-4C33-AAC6-A79B03D32BAC}.Debug|x64.ActiveCfg = Debug|Any CPU
		{5A878733-92C1-4C33-AAC6-A79B03D32BAC}.Debug|x64.Build.0 = Debug|Any CPU
		{5A878733-92C1-4C33-AAC6-A79B03D32BAC}.Debug|x86.ActiveCfg = Debug|Any CPU
		{5A878733-92C1-4C33-AAC6-A79B03D32BAC}.Debug|x86.Build.0 = Debug|Any CPU
		{5A878733-92C1-4C33-AAC6-A79B03D32BAC}.Release|Any CPU.ActiveCfg = Release|Any CPU
		{5A878733-92C1-4C33-AAC6-A79B03D32BAC}.Release|Any CPU.Build.0 = Release|Any CPU
		{5A878733-92C1-4C33-AAC6-A79B03D32BAC}.Release|x64.ActiveCfg = Release|Any CPU
		{5A878733-92C1-4C33-AAC6-A79B03D32BAC}.Release|x64.Build.0 = Release|Any CPU
		{5A878733-92C1-4C33-AAC6-A79B03D32BAC}.Release|x86.ActiveCfg = Release|Any CPU
		{5A878733-92C1-4C33-AAC6-A79B03D32BAC}.Release|x86.Build.0 = Release|Any CPU
		{260975DF-C333-45EE-B7ED-B958EAE2502C}.Debug|Any CPU.ActiveCfg = Debug|Any CPU
		{260975DF-C333-45EE-B7ED-B958EAE2502C}.Debug|Any CPU.Build.0 = Debug|Any CPU
		{260975DF-C333-45EE-B7ED-B958EAE2502C}.Debug|x64.ActiveCfg = Debug|Any CPU
		{260975DF-C333-45EE-B7ED-B958EAE2502C}.Debug|x64.Build.0 = Debug|Any CPU
		{260975DF-C333-45EE-B7ED-B958EAE2502C}.Debug|x86.ActiveCfg = Debug|Any CPU
		{260975DF-C333-45EE-B7ED-B958EAE2502C}.Debug|x86.Build.0 = Debug|Any CPU
		{260975DF-C333-45EE-B7ED-B958EAE2502C}.Release|Any CPU.ActiveCfg = Release|Any CPU
		{260975DF-C333-45EE-B7ED-B958EAE2502C}.Release|Any CPU.Build.0 = Release|Any CPU
		{260975DF-C333-45EE-B7ED-B958EAE2502C}.Release|x64.ActiveCfg = Release|Any CPU
		{260975DF-C333-45EE-B7ED-B958EAE2502C}.Release|x64.Build.0 = Release|Any CPU
		{260975DF-C333-45EE-B7ED-B958EAE2502C}.Release|x86.ActiveCfg = Release|Any CPU
		{260975DF-C333-45EE-B7ED-B958EAE2502C}.Release|x86.Build.0 = Release|Any CPU
		{C39AF5AA-F464-42F8-835C-79D7DA06C898}.Debug|Any CPU.ActiveCfg = Debug|Any CPU
		{C39AF5AA-F464-42F8-835C-79D7DA06C898}.Debug|Any CPU.Build.0 = Debug|Any CPU
		{C39AF5AA-F464-42F8-835C-79D7DA06C898}.Debug|x64.ActiveCfg = Debug|Any CPU
		{C39AF5AA-F464-42F8-835C-79D7DA06C898}.Debug|x64.Build.0 = Debug|Any CPU
		{C39AF5AA-F464-42F8-835C-79D7DA06C898}.Debug|x86.ActiveCfg = Debug|Any CPU
		{C39AF5AA-F464-42F8-835C-79D7DA06C898}.Debug|x86.Build.0 = Debug|Any CPU
		{C39AF5AA-F464-42F8-835C-79D7DA06C898}.Release|Any CPU.ActiveCfg = Release|Any CPU
		{C39AF5AA-F464-42F8-835C-79D7DA06C898}.Release|Any CPU.Build.0 = Release|Any CPU
		{C39AF5AA-F464-42F8-835C-79D7DA06C898}.Release|x64.ActiveCfg = Release|Any CPU
		{C39AF5AA-F464-42F8-835C-79D7DA06C898}.Release|x64.Build.0 = Release|Any CPU
		{C39AF5AA-F464-42F8-835C-79D7DA06C898}.Release|x86.ActiveCfg = Release|Any CPU
		{C39AF5AA-F464-42F8-835C-79D7DA06C898}.Release|x86.Build.0 = Release|Any CPU
		{F1955BBA-9B5F-4FBB-8C8A-7C849CB1E202}.Debug|Any CPU.ActiveCfg = Debug|Any CPU
		{F1955BBA-9B5F-4FBB-8C8A-7C849CB1E202}.Debug|Any CPU.Build.0 = Debug|Any CPU
		{F1955BBA-9B5F-4FBB-8C8A-7C849CB1E202}.Debug|x64.ActiveCfg = Debug|Any CPU
		{F1955BBA-9B5F-4FBB-8C8A-7C849CB1E202}.Debug|x64.Build.0 = Debug|Any CPU
		{F1955BBA-9B5F-4FBB-8C8A-7C849CB1E202}.Debug|x86.ActiveCfg = Debug|Any CPU
		{F1955BBA-9B5F-4FBB-8C8A-7C849CB1E202}.Debug|x86.Build.0 = Debug|Any CPU
		{F1955BBA-9B5F-4FBB-8C8A-7C849CB1E202}.Release|Any CPU.ActiveCfg = Release|Any CPU
		{F1955BBA-9B5F-4FBB-8C8A-7C849CB1E202}.Release|Any CPU.Build.0 = Release|Any CPU
		{F1955BBA-9B5F-4FBB-8C8A-7C849CB1E202}.Release|x64.ActiveCfg = Release|Any CPU
		{F1955BBA-9B5F-4FBB-8C8A-7C849CB1E202}.Release|x64.Build.0 = Release|Any CPU
		{F1955BBA-9B5F-4FBB-8C8A-7C849CB1E202}.Release|x86.ActiveCfg = Release|Any CPU
		{F1955BBA-9B5F-4FBB-8C8A-7C849CB1E202}.Release|x86.Build.0 = Release|Any CPU
		{2DC9F897-E0E1-48A6-8341-B30CC05420C3}.Debug|Any CPU.ActiveCfg = Debug|Any CPU
		{2DC9F897-E0E1-48A6-8341-B30CC05420C3}.Debug|Any CPU.Build.0 = Debug|Any CPU
		{2DC9F897-E0E1-48A6-8341-B30CC05420C3}.Debug|x64.ActiveCfg = Debug|Any CPU
		{2DC9F897-E0E1-48A6-8341-B30CC05420C3}.Debug|x64.Build.0 = Debug|Any CPU
		{2DC9F897-E0E1-48A6-8341-B30CC05420C3}.Debug|x86.ActiveCfg = Debug|Any CPU
		{2DC9F897-E0E1-48A6-8341-B30CC05420C3}.Debug|x86.Build.0 = Debug|Any CPU
		{2DC9F897-E0E1-48A6-8341-B30CC05420C3}.Release|Any CPU.ActiveCfg = Release|Any CPU
		{2DC9F897-E0E1-48A6-8341-B30CC05420C3}.Release|Any CPU.Build.0 = Release|Any CPU
		{2DC9F897-E0E1-48A6-8341-B30CC05420C3}.Release|x64.ActiveCfg = Release|Any CPU
		{2DC9F897-E0E1-48A6-8341-B30CC05420C3}.Release|x64.Build.0 = Release|Any CPU
		{2DC9F897-E0E1-48A6-8341-B30CC05420C3}.Release|x86.ActiveCfg = Release|Any CPU
		{2DC9F897-E0E1-48A6-8341-B30CC05420C3}.Release|x86.Build.0 = Release|Any CPU
		{7FD4E8E1-72AE-4990-86A7-BCC075D25362}.Debug|Any CPU.ActiveCfg = Debug|Any CPU
		{7FD4E8E1-72AE-4990-86A7-BCC075D25362}.Debug|Any CPU.Build.0 = Debug|Any CPU
		{7FD4E8E1-72AE-4990-86A7-BCC075D25362}.Debug|x64.ActiveCfg = Debug|Any CPU
		{7FD4E8E1-72AE-4990-86A7-BCC075D25362}.Debug|x64.Build.0 = Debug|Any CPU
		{7FD4E8E1-72AE-4990-86A7-BCC075D25362}.Debug|x86.ActiveCfg = Debug|Any CPU
		{7FD4E8E1-72AE-4990-86A7-BCC075D25362}.Debug|x86.Build.0 = Debug|Any CPU
		{7FD4E8E1-72AE-4990-86A7-BCC075D25362}.Release|Any CPU.ActiveCfg = Release|Any CPU
		{7FD4E8E1-72AE-4990-86A7-BCC075D25362}.Release|Any CPU.Build.0 = Release|Any CPU
		{7FD4E8E1-72AE-4990-86A7-BCC075D25362}.Release|x64.ActiveCfg = Release|Any CPU
		{7FD4E8E1-72AE-4990-86A7-BCC075D25362}.Release|x64.Build.0 = Release|Any CPU
		{7FD4E8E1-72AE-4990-86A7-BCC075D25362}.Release|x86.ActiveCfg = Release|Any CPU
		{7FD4E8E1-72AE-4990-86A7-BCC075D25362}.Release|x86.Build.0 = Release|Any CPU
		{3D54C175-1A43-4BFD-8767-CE9CCEACE0B8}.Debug|Any CPU.ActiveCfg = Debug|Any CPU
		{3D54C175-1A43-4BFD-8767-CE9CCEACE0B8}.Debug|Any CPU.Build.0 = Debug|Any CPU
		{3D54C175-1A43-4BFD-8767-CE9CCEACE0B8}.Debug|x64.ActiveCfg = Debug|Any CPU
		{3D54C175-1A43-4BFD-8767-CE9CCEACE0B8}.Debug|x64.Build.0 = Debug|Any CPU
		{3D54C175-1A43-4BFD-8767-CE9CCEACE0B8}.Debug|x86.ActiveCfg = Debug|Any CPU
		{3D54C175-1A43-4BFD-8767-CE9CCEACE0B8}.Debug|x86.Build.0 = Debug|Any CPU
		{3D54C175-1A43-4BFD-8767-CE9CCEACE0B8}.Release|Any CPU.ActiveCfg = Release|Any CPU
		{3D54C175-1A43-4BFD-8767-CE9CCEACE0B8}.Release|Any CPU.Build.0 = Release|Any CPU
		{3D54C175-1A43-4BFD-8767-CE9CCEACE0B8}.Release|x64.ActiveCfg = Release|Any CPU
		{3D54C175-1A43-4BFD-8767-CE9CCEACE0B8}.Release|x64.Build.0 = Release|Any CPU
		{3D54C175-1A43-4BFD-8767-CE9CCEACE0B8}.Release|x86.ActiveCfg = Release|Any CPU
		{3D54C175-1A43-4BFD-8767-CE9CCEACE0B8}.Release|x86.Build.0 = Release|Any CPU
		{0D667246-F0A1-4ED3-A4D7-5E3DBF69A6E3}.Debug|Any CPU.ActiveCfg = Debug|Any CPU
		{0D667246-F0A1-4ED3-A4D7-5E3DBF69A6E3}.Debug|Any CPU.Build.0 = Debug|Any CPU
		{0D667246-F0A1-4ED3-A4D7-5E3DBF69A6E3}.Debug|x64.ActiveCfg = Debug|Any CPU
		{0D667246-F0A1-4ED3-A4D7-5E3DBF69A6E3}.Debug|x64.Build.0 = Debug|Any CPU
		{0D667246-F0A1-4ED3-A4D7-5E3DBF69A6E3}.Debug|x86.ActiveCfg = Debug|Any CPU
		{0D667246-F0A1-4ED3-A4D7-5E3DBF69A6E3}.Debug|x86.Build.0 = Debug|Any CPU
		{0D667246-F0A1-4ED3-A4D7-5E3DBF69A6E3}.Release|Any CPU.ActiveCfg = Release|Any CPU
		{0D667246-F0A1-4ED3-A4D7-5E3DBF69A6E3}.Release|Any CPU.Build.0 = Release|Any CPU
		{0D667246-F0A1-4ED3-A4D7-5E3DBF69A6E3}.Release|x64.ActiveCfg = Release|Any CPU
		{0D667246-F0A1-4ED3-A4D7-5E3DBF69A6E3}.Release|x64.Build.0 = Release|Any CPU
		{0D667246-F0A1-4ED3-A4D7-5E3DBF69A6E3}.Release|x86.ActiveCfg = Release|Any CPU
		{0D667246-F0A1-4ED3-A4D7-5E3DBF69A6E3}.Release|x86.Build.0 = Release|Any CPU
		{F6D8FB42-91DD-40EA-BE23-580D6D9E4C46}.Debug|Any CPU.ActiveCfg = Debug|Any CPU
		{F6D8FB42-91DD-40EA-BE23-580D6D9E4C46}.Debug|Any CPU.Build.0 = Debug|Any CPU
		{F6D8FB42-91DD-40EA-BE23-580D6D9E4C46}.Debug|x64.ActiveCfg = Debug|Any CPU
		{F6D8FB42-91DD-40EA-BE23-580D6D9E4C46}.Debug|x64.Build.0 = Debug|Any CPU
		{F6D8FB42-91DD-40EA-BE23-580D6D9E4C46}.Debug|x86.ActiveCfg = Debug|Any CPU
		{F6D8FB42-91DD-40EA-BE23-580D6D9E4C46}.Debug|x86.Build.0 = Debug|Any CPU
		{F6D8FB42-91DD-40EA-BE23-580D6D9E4C46}.Release|Any CPU.ActiveCfg = Release|Any CPU
		{F6D8FB42-91DD-40EA-BE23-580D6D9E4C46}.Release|Any CPU.Build.0 = Release|Any CPU
		{F6D8FB42-91DD-40EA-BE23-580D6D9E4C46}.Release|x64.ActiveCfg = Release|Any CPU
		{F6D8FB42-91DD-40EA-BE23-580D6D9E4C46}.Release|x64.Build.0 = Release|Any CPU
		{F6D8FB42-91DD-40EA-BE23-580D6D9E4C46}.Release|x86.ActiveCfg = Release|Any CPU
		{F6D8FB42-91DD-40EA-BE23-580D6D9E4C46}.Release|x86.Build.0 = Release|Any CPU
		{9ECF91D5-3CAD-4CAF-B159-FE6EA1854DCF}.Debug|Any CPU.ActiveCfg = Debug|Any CPU
		{9ECF91D5-3CAD-4CAF-B159-FE6EA1854DCF}.Debug|Any CPU.Build.0 = Debug|Any CPU
		{9ECF91D5-3CAD-4CAF-B159-FE6EA1854DCF}.Debug|x64.ActiveCfg = Debug|Any CPU
		{9ECF91D5-3CAD-4CAF-B159-FE6EA1854DCF}.Debug|x64.Build.0 = Debug|Any CPU
		{9ECF91D5-3CAD-4CAF-B159-FE6EA1854DCF}.Debug|x86.ActiveCfg = Debug|Any CPU
		{9ECF91D5-3CAD-4CAF-B159-FE6EA1854DCF}.Debug|x86.Build.0 = Debug|Any CPU
		{9ECF91D5-3CAD-4CAF-B159-FE6EA1854DCF}.Release|Any CPU.ActiveCfg = Release|Any CPU
		{9ECF91D5-3CAD-4CAF-B159-FE6EA1854DCF}.Release|Any CPU.Build.0 = Release|Any CPU
		{9ECF91D5-3CAD-4CAF-B159-FE6EA1854DCF}.Release|x64.ActiveCfg = Release|Any CPU
		{9ECF91D5-3CAD-4CAF-B159-FE6EA1854DCF}.Release|x64.Build.0 = Release|Any CPU
		{9ECF91D5-3CAD-4CAF-B159-FE6EA1854DCF}.Release|x86.ActiveCfg = Release|Any CPU
		{9ECF91D5-3CAD-4CAF-B159-FE6EA1854DCF}.Release|x86.Build.0 = Release|Any CPU
		{A920CD70-5DFE-4FBB-BE79-8D1FB5F1F7B7}.Debug|Any CPU.ActiveCfg = Debug|Any CPU
		{A920CD70-5DFE-4FBB-BE79-8D1FB5F1F7B7}.Debug|Any CPU.Build.0 = Debug|Any CPU
		{A920CD70-5DFE-4FBB-BE79-8D1FB5F1F7B7}.Debug|x64.ActiveCfg = Debug|Any CPU
		{A920CD70-5DFE-4FBB-BE79-8D1FB5F1F7B7}.Debug|x64.Build.0 = Debug|Any CPU
		{A920CD70-5DFE-4FBB-BE79-8D1FB5F1F7B7}.Debug|x86.ActiveCfg = Debug|Any CPU
		{A920CD70-5DFE-4FBB-BE79-8D1FB5F1F7B7}.Debug|x86.Build.0 = Debug|Any CPU
		{A920CD70-5DFE-4FBB-BE79-8D1FB5F1F7B7}.Release|Any CPU.ActiveCfg = Release|Any CPU
		{A920CD70-5DFE-4FBB-BE79-8D1FB5F1F7B7}.Release|Any CPU.Build.0 = Release|Any CPU
		{A920CD70-5DFE-4FBB-BE79-8D1FB5F1F7B7}.Release|x64.ActiveCfg = Release|Any CPU
		{A920CD70-5DFE-4FBB-BE79-8D1FB5F1F7B7}.Release|x64.Build.0 = Release|Any CPU
		{A920CD70-5DFE-4FBB-BE79-8D1FB5F1F7B7}.Release|x86.ActiveCfg = Release|Any CPU
		{A920CD70-5DFE-4FBB-BE79-8D1FB5F1F7B7}.Release|x86.Build.0 = Release|Any CPU
		{FE6F0564-2A62-463B-BFF4-D7AECAB10BF6}.Debug|Any CPU.ActiveCfg = Debug|Any CPU
		{FE6F0564-2A62-463B-BFF4-D7AECAB10BF6}.Debug|Any CPU.Build.0 = Debug|Any CPU
		{FE6F0564-2A62-463B-BFF4-D7AECAB10BF6}.Debug|x64.ActiveCfg = Debug|Any CPU
		{FE6F0564-2A62-463B-BFF4-D7AECAB10BF6}.Debug|x64.Build.0 = Debug|Any CPU
		{FE6F0564-2A62-463B-BFF4-D7AECAB10BF6}.Debug|x86.ActiveCfg = Debug|Any CPU
		{FE6F0564-2A62-463B-BFF4-D7AECAB10BF6}.Debug|x86.Build.0 = Debug|Any CPU
		{FE6F0564-2A62-463B-BFF4-D7AECAB10BF6}.Release|Any CPU.ActiveCfg = Release|Any CPU
		{FE6F0564-2A62-463B-BFF4-D7AECAB10BF6}.Release|Any CPU.Build.0 = Release|Any CPU
		{FE6F0564-2A62-463B-BFF4-D7AECAB10BF6}.Release|x64.ActiveCfg = Release|Any CPU
		{FE6F0564-2A62-463B-BFF4-D7AECAB10BF6}.Release|x64.Build.0 = Release|Any CPU
		{FE6F0564-2A62-463B-BFF4-D7AECAB10BF6}.Release|x86.ActiveCfg = Release|Any CPU
		{FE6F0564-2A62-463B-BFF4-D7AECAB10BF6}.Release|x86.Build.0 = Release|Any CPU
		{E217A1D7-C36C-45CB-8C4C-BA76A5FE51FE}.Debug|Any CPU.ActiveCfg = Debug|Any CPU
		{E217A1D7-C36C-45CB-8C4C-BA76A5FE51FE}.Debug|Any CPU.Build.0 = Debug|Any CPU
		{E217A1D7-C36C-45CB-8C4C-BA76A5FE51FE}.Debug|x64.ActiveCfg = Debug|Any CPU
		{E217A1D7-C36C-45CB-8C4C-BA76A5FE51FE}.Debug|x64.Build.0 = Debug|Any CPU
		{E217A1D7-C36C-45CB-8C4C-BA76A5FE51FE}.Debug|x86.ActiveCfg = Debug|Any CPU
		{E217A1D7-C36C-45CB-8C4C-BA76A5FE51FE}.Debug|x86.Build.0 = Debug|Any CPU
		{E217A1D7-C36C-45CB-8C4C-BA76A5FE51FE}.Release|Any CPU.ActiveCfg = Release|Any CPU
		{E217A1D7-C36C-45CB-8C4C-BA76A5FE51FE}.Release|Any CPU.Build.0 = Release|Any CPU
		{E217A1D7-C36C-45CB-8C4C-BA76A5FE51FE}.Release|x64.ActiveCfg = Release|Any CPU
		{E217A1D7-C36C-45CB-8C4C-BA76A5FE51FE}.Release|x64.Build.0 = Release|Any CPU
		{E217A1D7-C36C-45CB-8C4C-BA76A5FE51FE}.Release|x86.ActiveCfg = Release|Any CPU
		{E217A1D7-C36C-45CB-8C4C-BA76A5FE51FE}.Release|x86.Build.0 = Release|Any CPU
		{DF9ADED6-2A09-41FB-9273-31C6563D30B7}.Debug|Any CPU.ActiveCfg = Debug|Any CPU
		{DF9ADED6-2A09-41FB-9273-31C6563D30B7}.Debug|Any CPU.Build.0 = Debug|Any CPU
		{DF9ADED6-2A09-41FB-9273-31C6563D30B7}.Debug|x64.ActiveCfg = Debug|Any CPU
		{DF9ADED6-2A09-41FB-9273-31C6563D30B7}.Debug|x64.Build.0 = Debug|Any CPU
		{DF9ADED6-2A09-41FB-9273-31C6563D30B7}.Debug|x86.ActiveCfg = Debug|Any CPU
		{DF9ADED6-2A09-41FB-9273-31C6563D30B7}.Debug|x86.Build.0 = Debug|Any CPU
		{DF9ADED6-2A09-41FB-9273-31C6563D30B7}.Release|Any CPU.ActiveCfg = Release|Any CPU
		{DF9ADED6-2A09-41FB-9273-31C6563D30B7}.Release|Any CPU.Build.0 = Release|Any CPU
		{DF9ADED6-2A09-41FB-9273-31C6563D30B7}.Release|x64.ActiveCfg = Release|Any CPU
		{DF9ADED6-2A09-41FB-9273-31C6563D30B7}.Release|x64.Build.0 = Release|Any CPU
		{DF9ADED6-2A09-41FB-9273-31C6563D30B7}.Release|x86.ActiveCfg = Release|Any CPU
		{DF9ADED6-2A09-41FB-9273-31C6563D30B7}.Release|x86.Build.0 = Release|Any CPU
		{9925AC91-BEC4-49AB-9BC3-88BEF52A0A06}.Debug|Any CPU.ActiveCfg = Debug|Any CPU
		{9925AC91-BEC4-49AB-9BC3-88BEF52A0A06}.Debug|Any CPU.Build.0 = Debug|Any CPU
		{9925AC91-BEC4-49AB-9BC3-88BEF52A0A06}.Debug|x64.ActiveCfg = Debug|Any CPU
		{9925AC91-BEC4-49AB-9BC3-88BEF52A0A06}.Debug|x64.Build.0 = Debug|Any CPU
		{9925AC91-BEC4-49AB-9BC3-88BEF52A0A06}.Debug|x86.ActiveCfg = Debug|Any CPU
		{9925AC91-BEC4-49AB-9BC3-88BEF52A0A06}.Debug|x86.Build.0 = Debug|Any CPU
		{9925AC91-BEC4-49AB-9BC3-88BEF52A0A06}.Release|Any CPU.ActiveCfg = Release|Any CPU
		{9925AC91-BEC4-49AB-9BC3-88BEF52A0A06}.Release|Any CPU.Build.0 = Release|Any CPU
		{9925AC91-BEC4-49AB-9BC3-88BEF52A0A06}.Release|x64.ActiveCfg = Release|Any CPU
		{9925AC91-BEC4-49AB-9BC3-88BEF52A0A06}.Release|x64.Build.0 = Release|Any CPU
		{9925AC91-BEC4-49AB-9BC3-88BEF52A0A06}.Release|x86.ActiveCfg = Release|Any CPU
		{9925AC91-BEC4-49AB-9BC3-88BEF52A0A06}.Release|x86.Build.0 = Release|Any CPU
		{8751F093-0111-4C1F-9802-611A7D16F472}.Debug|Any CPU.ActiveCfg = Debug|Any CPU
		{8751F093-0111-4C1F-9802-611A7D16F472}.Debug|Any CPU.Build.0 = Debug|Any CPU
		{8751F093-0111-4C1F-9802-611A7D16F472}.Debug|x64.ActiveCfg = Debug|Any CPU
		{8751F093-0111-4C1F-9802-611A7D16F472}.Debug|x64.Build.0 = Debug|Any CPU
		{8751F093-0111-4C1F-9802-611A7D16F472}.Debug|x86.ActiveCfg = Debug|Any CPU
		{8751F093-0111-4C1F-9802-611A7D16F472}.Debug|x86.Build.0 = Debug|Any CPU
		{8751F093-0111-4C1F-9802-611A7D16F472}.Release|Any CPU.ActiveCfg = Release|Any CPU
		{8751F093-0111-4C1F-9802-611A7D16F472}.Release|Any CPU.Build.0 = Release|Any CPU
		{8751F093-0111-4C1F-9802-611A7D16F472}.Release|x64.ActiveCfg = Release|Any CPU
		{8751F093-0111-4C1F-9802-611A7D16F472}.Release|x64.Build.0 = Release|Any CPU
		{8751F093-0111-4C1F-9802-611A7D16F472}.Release|x86.ActiveCfg = Release|Any CPU
		{8751F093-0111-4C1F-9802-611A7D16F472}.Release|x86.Build.0 = Release|Any CPU
		{70C55143-1413-4AE8-9A99-6C51C1E5FD6C}.Debug|Any CPU.ActiveCfg = Debug|Any CPU
		{70C55143-1413-4AE8-9A99-6C51C1E5FD6C}.Debug|Any CPU.Build.0 = Debug|Any CPU
		{70C55143-1413-4AE8-9A99-6C51C1E5FD6C}.Debug|x64.ActiveCfg = Debug|Any CPU
		{70C55143-1413-4AE8-9A99-6C51C1E5FD6C}.Debug|x64.Build.0 = Debug|Any CPU
		{70C55143-1413-4AE8-9A99-6C51C1E5FD6C}.Debug|x86.ActiveCfg = Debug|Any CPU
		{70C55143-1413-4AE8-9A99-6C51C1E5FD6C}.Debug|x86.Build.0 = Debug|Any CPU
		{70C55143-1413-4AE8-9A99-6C51C1E5FD6C}.Release|Any CPU.ActiveCfg = Release|Any CPU
		{70C55143-1413-4AE8-9A99-6C51C1E5FD6C}.Release|Any CPU.Build.0 = Release|Any CPU
		{70C55143-1413-4AE8-9A99-6C51C1E5FD6C}.Release|x64.ActiveCfg = Release|Any CPU
		{70C55143-1413-4AE8-9A99-6C51C1E5FD6C}.Release|x64.Build.0 = Release|Any CPU
		{70C55143-1413-4AE8-9A99-6C51C1E5FD6C}.Release|x86.ActiveCfg = Release|Any CPU
		{70C55143-1413-4AE8-9A99-6C51C1E5FD6C}.Release|x86.Build.0 = Release|Any CPU
	EndGlobalSection
	GlobalSection(SolutionProperties) = preSolution
		HideSolutionNode = FALSE
	EndGlobalSection
	GlobalSection(ExtensibilityGlobals) = postSolution
		SolutionGuid = {C27FA1C1-D6EA-4EF3-BEC0-E394FA168B7D}
	EndGlobalSection
EndGlobal
